
Microsoft Visual Studio Solution File, Format Version 12.00
# Visual Studio Version 16
VisualStudioVersion = 16.0.29509.3
MinimumVisualStudioVersion = 10.0.40219.1
Project("{FAE04EC0-301F-11D3-BF4B-00C04F79EFBC}") = "DevCard_MVC", "DevCard_MVC\DevCard_MVC.csproj", "{7916B446-A5AA-4EB1-B7D3-D3D148EB930D}"
EndProject
Global
	GlobalSection(SolutionConfigurationPlatforms) = preSolution
		Debug|Any CPU = Debug|Any CPU
		Release|Any CPU = Release|Any CPU
	EndGlobalSection
	GlobalSection(ProjectConfigurationPlatforms) = postSolution
		{7916B446-A5AA-4EB1-B7D3-D3D148EB930D}.Debug|Any CPU.ActiveCfg = Debug|Any CPU
		{7916B446-A5AA-4EB1-B7D3-D3D148EB930D}.Debug|Any CPU.Build.0 = Debug|Any CPU
		{7916B446-A5AA-4EB1-B7D3-D3D148EB930D}.Release|Any CPU.ActiveCfg = Release|Any CPU
		{7916B446-A5AA-4EB1-B7D3-D3D148EB930D}.Release|Any CPU.Build.0 = Release|Any CPU
	EndGlobalSection
	GlobalSection(SolutionProperties) = preSolution
		HideSolutionNode = FALSE
	EndGlobalSection
	GlobalSection(ExtensibilityGlobals) = postSolution
		SolutionGuid = {068D8B8D-A7BD-4450-BE71-051F0943BCC5}
	EndGlobalSection
EndGlobal
